
Microsoft Visual Studio Solution File, Format Version 12.00
# Visual Studio 14
VisualStudioVersion = 14.0.25123.0
MinimumVisualStudioVersion = 10.0.40219.1
Project("{2150E333-8FDC-42A3-9474-1A3956D46DE8}") = "Solution Items", "Solution Items", "{E603D0DB-EB3B-4189-ABEE-B8E08C24FFFE}"
	ProjectSection(SolutionItems) = preProject
		global.json = global.json
		README.md = README.md
	EndProjectSection
EndProject
Project("{2150E333-8FDC-42A3-9474-1A3956D46DE8}") = "src", "src", "{6CC15ADF-F7F5-4E8B-A1E8-4DCBC564B1CA}"
EndProject
Project("{8BB2217D-0F2D-49D1-97BC-3654ED321F3B}") = "Serialize.Linq", "src\Serialize.Linq\Serialize.Linq.xproj", "{CE1620BD-A313-4223-B991-467DA346B2AA}"
	ProjectSection(ProjectDependencies) = postProject
		{269B6008-6ED9-4F09-9F81-1D1BBF7F9962} = {269B6008-6ED9-4F09-9F81-1D1BBF7F9962}
		{E7B65AD0-BDB6-4FE9-A1C5-3C1007D51340} = {E7B65AD0-BDB6-4FE9-A1C5-3C1007D51340}
	EndProjectSection
EndProject
Project("{2150E333-8FDC-42A3-9474-1A3956D46DE8}") = "test", "test", "{4868D8A4-C1C7-4739-84CF-D7F47859153E}"
EndProject
Project("{8BB2217D-0F2D-49D1-97BC-3654ED321F3B}") = "Serialize.Linq.Tests", "src\Serialize.Linq.Tests\Serialize.Linq.Tests.xproj", "{45D205D1-2338-438A-A850-52A9677ECAAA}"
EndProject
Project("{FAE04EC0-301F-11D3-BF4B-00C04F79EFBC}") = "Serialize.Linq.SL", "src\Serialize.Linq.SL\Serialize.Linq.SL.csproj", "{E7B65AD0-BDB6-4FE9-A1C5-3C1007D51340}"
EndProject
Project("{FAE04EC0-301F-11D3-BF4B-00C04F79EFBC}") = "Serialize.Linq.WP8", "src\Serialize.Linq.WP8\Serialize.Linq.WP8.csproj", "{269B6008-6ED9-4F09-9F81-1D1BBF7F9962}"
EndProject
Project("{2150E333-8FDC-42A3-9474-1A3956D46DE8}") = "examples", "examples", "{17485581-4DE3-4C2A-A44A-264531F3A5E4}"
EndProject
Project("{FAE04EC0-301F-11D3-BF4B-00C04F79EFBC}") = "Serialize.Linq.Examples.RestContracts", "src\Serialize.Linq.Examples\Serialize.Linq.Examples.RestContracts\Serialize.Linq.Examples.RestContracts.csproj", "{F54A72E6-2BEA-453C-8430-7CAFCDAF0A44}"
EndProject
Project("{FAE04EC0-301F-11D3-BF4B-00C04F79EFBC}") = "Serialize.Linq.Examples.RestClient", "src\Serialize.Linq.Examples\Serialize.Linq.Examples.RestClient\Serialize.Linq.Examples.RestClient.csproj", "{425F184C-4ACF-4A60-A085-CBA4F78EB0D2}"
EndProject
Global
	GlobalSection(SolutionConfigurationPlatforms) = preSolution
		Debug|Any CPU = Debug|Any CPU
		Debug|ARM = Debug|ARM
		Debug|x86 = Debug|x86
		Release|Any CPU = Release|Any CPU
		Release|ARM = Release|ARM
		Release|x86 = Release|x86
	EndGlobalSection
	GlobalSection(ProjectConfigurationPlatforms) = postSolution
		{CE1620BD-A313-4223-B991-467DA346B2AA}.Debug|Any CPU.ActiveCfg = Debug|Any CPU
		{CE1620BD-A313-4223-B991-467DA346B2AA}.Debug|Any CPU.Build.0 = Debug|Any CPU
		{CE1620BD-A313-4223-B991-467DA346B2AA}.Debug|ARM.ActiveCfg = Debug|Any CPU
		{CE1620BD-A313-4223-B991-467DA346B2AA}.Debug|ARM.Build.0 = Debug|Any CPU
		{CE1620BD-A313-4223-B991-467DA346B2AA}.Debug|x86.ActiveCfg = Debug|Any CPU
		{CE1620BD-A313-4223-B991-467DA346B2AA}.Debug|x86.Build.0 = Debug|Any CPU
		{CE1620BD-A313-4223-B991-467DA346B2AA}.Release|Any CPU.ActiveCfg = Release|Any CPU
		{CE1620BD-A313-4223-B991-467DA346B2AA}.Release|Any CPU.Build.0 = Release|Any CPU
		{CE1620BD-A313-4223-B991-467DA346B2AA}.Release|ARM.ActiveCfg = Release|Any CPU
		{CE1620BD-A313-4223-B991-467DA346B2AA}.Release|ARM.Build.0 = Release|Any CPU
		{CE1620BD-A313-4223-B991-467DA346B2AA}.Release|x86.ActiveCfg = Release|Any CPU
		{CE1620BD-A313-4223-B991-467DA346B2AA}.Release|x86.Build.0 = Release|Any CPU
		{45D205D1-2338-438A-A850-52A9677ECAAA}.Debug|Any CPU.ActiveCfg = Debug|Any CPU
		{45D205D1-2338-438A-A850-52A9677ECAAA}.Debug|Any CPU.Build.0 = Debug|Any CPU
		{45D205D1-2338-438A-A850-52A9677ECAAA}.Debug|ARM.ActiveCfg = Debug|Any CPU
		{45D205D1-2338-438A-A850-52A9677ECAAA}.Debug|ARM.Build.0 = Debug|Any CPU
		{45D205D1-2338-438A-A850-52A9677ECAAA}.Debug|x86.ActiveCfg = Debug|Any CPU
		{45D205D1-2338-438A-A850-52A9677ECAAA}.Debug|x86.Build.0 = Debug|Any CPU
		{45D205D1-2338-438A-A850-52A9677ECAAA}.Release|Any CPU.ActiveCfg = Release|Any CPU
		{45D205D1-2338-438A-A850-52A9677ECAAA}.Release|Any CPU.Build.0 = Release|Any CPU
		{45D205D1-2338-438A-A850-52A9677ECAAA}.Release|ARM.ActiveCfg = Release|Any CPU
		{45D205D1-2338-438A-A850-52A9677ECAAA}.Release|ARM.Build.0 = Release|Any CPU
		{45D205D1-2338-438A-A850-52A9677ECAAA}.Release|x86.ActiveCfg = Release|Any CPU
		{45D205D1-2338-438A-A850-52A9677ECAAA}.Release|x86.Build.0 = Release|Any CPU
		{E7B65AD0-BDB6-4FE9-A1C5-3C1007D51340}.Debug|Any CPU.ActiveCfg = Debug|Any CPU
		{E7B65AD0-BDB6-4FE9-A1C5-3C1007D51340}.Debug|Any CPU.Build.0 = Debug|Any CPU
		{E7B65AD0-BDB6-4FE9-A1C5-3C1007D51340}.Debug|ARM.ActiveCfg = Debug|Any CPU
		{E7B65AD0-BDB6-4FE9-A1C5-3C1007D51340}.Debug|ARM.Build.0 = Debug|Any CPU
		{E7B65AD0-BDB6-4FE9-A1C5-3C1007D51340}.Debug|x86.ActiveCfg = Debug|Any CPU
		{E7B65AD0-BDB6-4FE9-A1C5-3C1007D51340}.Debug|x86.Build.0 = Debug|Any CPU
		{E7B65AD0-BDB6-4FE9-A1C5-3C1007D51340}.Release|Any CPU.ActiveCfg = Release|Any CPU
		{E7B65AD0-BDB6-4FE9-A1C5-3C1007D51340}.Release|Any CPU.Build.0 = Release|Any CPU
		{E7B65AD0-BDB6-4FE9-A1C5-3C1007D51340}.Release|ARM.ActiveCfg = Release|Any CPU
		{E7B65AD0-BDB6-4FE9-A1C5-3C1007D51340}.Release|ARM.Build.0 = Release|Any CPU
		{E7B65AD0-BDB6-4FE9-A1C5-3C1007D51340}.Release|x86.ActiveCfg = Release|Any CPU
		{E7B65AD0-BDB6-4FE9-A1C5-3C1007D51340}.Release|x86.Build.0 = Release|Any CPU
		{269B6008-6ED9-4F09-9F81-1D1BBF7F9962}.Debug|Any CPU.ActiveCfg = Debug|Any CPU
		{269B6008-6ED9-4F09-9F81-1D1BBF7F9962}.Debug|Any CPU.Build.0 = Debug|Any CPU
		{269B6008-6ED9-4F09-9F81-1D1BBF7F9962}.Debug|ARM.ActiveCfg = Debug|ARM
		{269B6008-6ED9-4F09-9F81-1D1BBF7F9962}.Debug|ARM.Build.0 = Debug|ARM
		{269B6008-6ED9-4F09-9F81-1D1BBF7F9962}.Debug|x86.ActiveCfg = Debug|x86
		{269B6008-6ED9-4F09-9F81-1D1BBF7F9962}.Debug|x86.Build.0 = Debug|x86
		{269B6008-6ED9-4F09-9F81-1D1BBF7F9962}.Release|Any CPU.ActiveCfg = Release|Any CPU
		{269B6008-6ED9-4F09-9F81-1D1BBF7F9962}.Release|Any CPU.Build.0 = Release|Any CPU
		{269B6008-6ED9-4F09-9F81-1D1BBF7F9962}.Release|ARM.ActiveCfg = Release|ARM
		{269B6008-6ED9-4F09-9F81-1D1BBF7F9962}.Release|ARM.Build.0 = Release|ARM
		{269B6008-6ED9-4F09-9F81-1D1BBF7F9962}.Release|x86.ActiveCfg = Release|x86
		{269B6008-6ED9-4F09-9F81-1D1BBF7F9962}.Release|x86.Build.0 = Release|x86
		{F54A72E6-2BEA-453C-8430-7CAFCDAF0A44}.Debug|Any CPU.ActiveCfg = Debug|Any CPU
		{F54A72E6-2BEA-453C-8430-7CAFCDAF0A44}.Debug|Any CPU.Build.0 = Debug|Any CPU
		{F54A72E6-2BEA-453C-8430-7CAFCDAF0A44}.Debug|ARM.ActiveCfg = Debug|Any CPU
		{F54A72E6-2BEA-453C-8430-7CAFCDAF0A44}.Debug|ARM.Build.0 = Debug|Any CPU
		{F54A72E6-2BEA-453C-8430-7CAFCDAF0A44}.Debug|x86.ActiveCfg = Debug|Any CPU
		{F54A72E6-2BEA-453C-8430-7CAFCDAF0A44}.Debug|x86.Build.0 = Debug|Any CPU
		{F54A72E6-2BEA-453C-8430-7CAFCDAF0A44}.Release|Any CPU.ActiveCfg = Release|Any CPU
		{F54A72E6-2BEA-453C-8430-7CAFCDAF0A44}.Release|Any CPU.Build.0 = Release|Any CPU
		{F54A72E6-2BEA-453C-8430-7CAFCDAF0A44}.Release|ARM.ActiveCfg = Release|Any CPU
		{F54A72E6-2BEA-453C-8430-7CAFCDAF0A44}.Release|ARM.Build.0 = Release|Any CPU
		{F54A72E6-2BEA-453C-8430-7CAFCDAF0A44}.Release|x86.ActiveCfg = Release|Any CPU
		{F54A72E6-2BEA-453C-8430-7CAFCDAF0A44}.Release|x86.Build.0 = Release|Any CPU
		{425F184C-4ACF-4A60-A085-CBA4F78EB0D2}.Debug|Any CPU.ActiveCfg = Debug|Any CPU
		{425F184C-4ACF-4A60-A085-CBA4F78EB0D2}.Debug|Any CPU.Build.0 = Debug|Any CPU
		{425F184C-4ACF-4A60-A085-CBA4F78EB0D2}.Debug|ARM.ActiveCfg = Debug|Any CPU
		{425F184C-4ACF-4A60-A085-CBA4F78EB0D2}.Debug|ARM.Build.0 = Debug|Any CPU
		{425F184C-4ACF-4A60-A085-CBA4F78EB0D2}.Debug|x86.ActiveCfg = Debug|Any CPU
		{425F184C-4ACF-4A60-A085-CBA4F78EB0D2}.Debug|x86.Build.0 = Debug|Any CPU
		{425F184C-4ACF-4A60-A085-CBA4F78EB0D2}.Release|Any CPU.ActiveCfg = Release|Any CPU
		{425F184C-4ACF-4A60-A085-CBA4F78EB0D2}.Release|Any CPU.Build.0 = Release|Any CPU
		{425F184C-4ACF-4A60-A085-CBA4F78EB0D2}.Release|ARM.ActiveCfg = Release|Any CPU
		{425F184C-4ACF-4A60-A085-CBA4F78EB0D2}.Release|ARM.Build.0 = Release|Any CPU
		{425F184C-4ACF-4A60-A085-CBA4F78EB0D2}.Release|x86.ActiveCfg = Release|Any CPU
		{425F184C-4ACF-4A60-A085-CBA4F78EB0D2}.Release|x86.Build.0 = Release|Any CPU
	EndGlobalSection
	GlobalSection(SolutionProperties) = preSolution
		HideSolutionNode = FALSE
	EndGlobalSection
	GlobalSection(NestedProjects) = preSolution
		{CE1620BD-A313-4223-B991-467DA346B2AA} = {6CC15ADF-F7F5-4E8B-A1E8-4DCBC564B1CA}
		{45D205D1-2338-438A-A850-52A9677ECAAA} = {4868D8A4-C1C7-4739-84CF-D7F47859153E}
		{E7B65AD0-BDB6-4FE9-A1C5-3C1007D51340} = {6CC15ADF-F7F5-4E8B-A1E8-4DCBC564B1CA}
		{269B6008-6ED9-4F09-9F81-1D1BBF7F9962} = {6CC15ADF-F7F5-4E8B-A1E8-4DCBC564B1CA}
		{F54A72E6-2BEA-453C-8430-7CAFCDAF0A44} = {17485581-4DE3-4C2A-A44A-264531F3A5E4}
		{425F184C-4ACF-4A60-A085-CBA4F78EB0D2} = {17485581-4DE3-4C2A-A44A-264531F3A5E4}
	EndGlobalSection
	GlobalSection(TestCaseManagementSettings) = postSolution
		CategoryFile = Serialize.Linq.vsmdi
	EndGlobalSection
EndGlobal
