
Microsoft Visual Studio Solution File, Format Version 12.00
# Visual Studio 2013
VisualStudioVersion = 12.0.31101.0
MinimumVisualStudioVersion = 10.0.40219.1
Project("{FAE04EC0-301F-11D3-BF4B-00C04F79EFBC}") = "Serialize.Linq", "Serialize.Linq\Serialize.Linq.csproj", "{94C52AD1-5D4A-4C9E-A1A3-68D3A36E6BF7}"
EndProject
Project("{FAE04EC0-301F-11D3-BF4B-00C04F79EFBC}") = "Serialize.Linq.Tests", "Serialize.Linq.Tests\Serialize.Linq.Tests.csproj", "{9854CEA9-3EBA-414F-AFE9-A92CA24A52D1}"
EndProject
Project("{2150E333-8FDC-42A3-9474-1A3956D46DE8}") = "Solution Items", "Solution Items", "{E603D0DB-EB3B-4189-ABEE-B8E08C24FFFE}"
	ProjectSection(SolutionItems) = preProject
		Local.testsettings = Local.testsettings
		Serialize.Linq.vsmdi = Serialize.Linq.vsmdi
		TraceAndTestImpact.testsettings = TraceAndTestImpact.testsettings
	EndProjectSection
EndProject
Project("{FAE04EC0-301F-11D3-BF4B-00C04F79EFBC}") = "Serialize.Linq.SL", "Serialize.Linq.SL\Serialize.Linq.SL.csproj", "{E7B65AD0-BDB6-4FE9-A1C5-3C1007D51340}"
EndProject
Project("{FAE04EC0-301F-11D3-BF4B-00C04F79EFBC}") = "Serialize.Linq.Tests.Container", "Serialize.Linq.Tests.Container\Serialize.Linq.Tests.Container.csproj", "{439F88AF-F18C-4D27-B8D6-01D249BE647D}"
EndProject
Project("{FAE04EC0-301F-11D3-BF4B-00C04F79EFBC}") = "Serialize.Linq.Net45", "Serialize.Linq.Net45\Serialize.Linq.Net45.csproj", "{BFF82471-A705-4AD8-99CF-2FE35D5F12B3}"
EndProject
Global
	GlobalSection(SolutionConfigurationPlatforms) = preSolution
		Debug Optimize Size|Any CPU = Debug Optimize Size|Any CPU
		Debug|Any CPU = Debug|Any CPU
		Release Optimize Size|Any CPU = Release Optimize Size|Any CPU
		Release|Any CPU = Release|Any CPU
	EndGlobalSection
	GlobalSection(ProjectConfigurationPlatforms) = postSolution
		{94C52AD1-5D4A-4C9E-A1A3-68D3A36E6BF7}.Debug Optimize Size|Any CPU.ActiveCfg = Debug Optimize Size|Any CPU
		{94C52AD1-5D4A-4C9E-A1A3-68D3A36E6BF7}.Debug Optimize Size|Any CPU.Build.0 = Debug Optimize Size|Any CPU
		{94C52AD1-5D4A-4C9E-A1A3-68D3A36E6BF7}.Debug|Any CPU.ActiveCfg = Debug|Any CPU
		{94C52AD1-5D4A-4C9E-A1A3-68D3A36E6BF7}.Debug|Any CPU.Build.0 = Debug|Any CPU
		{94C52AD1-5D4A-4C9E-A1A3-68D3A36E6BF7}.Release Optimize Size|Any CPU.ActiveCfg = Release Optimize Size|Any CPU
		{94C52AD1-5D4A-4C9E-A1A3-68D3A36E6BF7}.Release Optimize Size|Any CPU.Build.0 = Release Optimize Size|Any CPU
		{94C52AD1-5D4A-4C9E-A1A3-68D3A36E6BF7}.Release|Any CPU.ActiveCfg = Release|Any CPU
		{94C52AD1-5D4A-4C9E-A1A3-68D3A36E6BF7}.Release|Any CPU.Build.0 = Release|Any CPU
		{9854CEA9-3EBA-414F-AFE9-A92CA24A52D1}.Debug Optimize Size|Any CPU.ActiveCfg = Debug Optimize Size|Any CPU
		{9854CEA9-3EBA-414F-AFE9-A92CA24A52D1}.Debug Optimize Size|Any CPU.Build.0 = Debug Optimize Size|Any CPU
		{9854CEA9-3EBA-414F-AFE9-A92CA24A52D1}.Debug|Any CPU.ActiveCfg = Debug|Any CPU
		{9854CEA9-3EBA-414F-AFE9-A92CA24A52D1}.Debug|Any CPU.Build.0 = Debug|Any CPU
		{9854CEA9-3EBA-414F-AFE9-A92CA24A52D1}.Release Optimize Size|Any CPU.ActiveCfg = Release Optimize Size|Any CPU
		{9854CEA9-3EBA-414F-AFE9-A92CA24A52D1}.Release Optimize Size|Any CPU.Build.0 = Release Optimize Size|Any CPU
		{9854CEA9-3EBA-414F-AFE9-A92CA24A52D1}.Release|Any CPU.ActiveCfg = Release|Any CPU
		{9854CEA9-3EBA-414F-AFE9-A92CA24A52D1}.Release|Any CPU.Build.0 = Release|Any CPU
		{E7B65AD0-BDB6-4FE9-A1C5-3C1007D51340}.Debug Optimize Size|Any CPU.ActiveCfg = Debug|Any CPU
		{E7B65AD0-BDB6-4FE9-A1C5-3C1007D51340}.Debug Optimize Size|Any CPU.Build.0 = Debug|Any CPU
		{E7B65AD0-BDB6-4FE9-A1C5-3C1007D51340}.Debug|Any CPU.ActiveCfg = Debug|Any CPU
		{E7B65AD0-BDB6-4FE9-A1C5-3C1007D51340}.Debug|Any CPU.Build.0 = Debug|Any CPU
		{E7B65AD0-BDB6-4FE9-A1C5-3C1007D51340}.Release Optimize Size|Any CPU.ActiveCfg = Release|Any CPU
		{E7B65AD0-BDB6-4FE9-A1C5-3C1007D51340}.Release Optimize Size|Any CPU.Build.0 = Release|Any CPU
		{E7B65AD0-BDB6-4FE9-A1C5-3C1007D51340}.Release|Any CPU.ActiveCfg = Release|Any CPU
		{E7B65AD0-BDB6-4FE9-A1C5-3C1007D51340}.Release|Any CPU.Build.0 = Release|Any CPU
		{439F88AF-F18C-4D27-B8D6-01D249BE647D}.Debug Optimize Size|Any CPU.ActiveCfg = Debug|Any CPU
		{439F88AF-F18C-4D27-B8D6-01D249BE647D}.Debug Optimize Size|Any CPU.Build.0 = Debug|Any CPU
		{439F88AF-F18C-4D27-B8D6-01D249BE647D}.Debug|Any CPU.ActiveCfg = Debug|Any CPU
		{439F88AF-F18C-4D27-B8D6-01D249BE647D}.Debug|Any CPU.Build.0 = Debug|Any CPU
		{439F88AF-F18C-4D27-B8D6-01D249BE647D}.Release Optimize Size|Any CPU.ActiveCfg = Release|Any CPU
		{439F88AF-F18C-4D27-B8D6-01D249BE647D}.Release Optimize Size|Any CPU.Build.0 = Release|Any CPU
		{439F88AF-F18C-4D27-B8D6-01D249BE647D}.Release|Any CPU.ActiveCfg = Release|Any CPU
		{439F88AF-F18C-4D27-B8D6-01D249BE647D}.Release|Any CPU.Build.0 = Release|Any CPU
		{BFF82471-A705-4AD8-99CF-2FE35D5F12B3}.Debug Optimize Size|Any CPU.ActiveCfg = Debug|Any CPU
		{BFF82471-A705-4AD8-99CF-2FE35D5F12B3}.Debug Optimize Size|Any CPU.Build.0 = Debug|Any CPU
		{BFF82471-A705-4AD8-99CF-2FE35D5F12B3}.Debug|Any CPU.ActiveCfg = Debug|Any CPU
		{BFF82471-A705-4AD8-99CF-2FE35D5F12B3}.Debug|Any CPU.Build.0 = Debug|Any CPU
		{BFF82471-A705-4AD8-99CF-2FE35D5F12B3}.Release Optimize Size|Any CPU.ActiveCfg = Release|Any CPU
		{BFF82471-A705-4AD8-99CF-2FE35D5F12B3}.Release Optimize Size|Any CPU.Build.0 = Release|Any CPU
		{BFF82471-A705-4AD8-99CF-2FE35D5F12B3}.Release|Any CPU.ActiveCfg = Release|Any CPU
		{BFF82471-A705-4AD8-99CF-2FE35D5F12B3}.Release|Any CPU.Build.0 = Release|Any CPU
	EndGlobalSection
	GlobalSection(SolutionProperties) = preSolution
		HideSolutionNode = FALSE
	EndGlobalSection
	GlobalSection(TestCaseManagementSettings) = postSolution
		CategoryFile = Serialize.Linq.vsmdi
	EndGlobalSection
EndGlobal
