
Microsoft Visual Studio Solution File, Format Version 12.00
# Visual Studio 2012
Project("{FAE04EC0-301F-11D3-BF4B-00C04F79EFBC}") = "Serialize.Linq.WP7", "Serialize.Linq.WP7\Serialize.Linq.WP7.csproj", "{91818534-BC4D-4C6A-9F1C-67D5335D3638}"
EndProject
Global
	GlobalSection(SolutionConfigurationPlatforms) = preSolution
		Debug|Any CPU = Debug|Any CPU
		Release|Any CPU = Release|Any CPU
	EndGlobalSection
	GlobalSection(ProjectConfigurationPlatforms) = postSolution
		{91818534-BC4D-4C6A-9F1C-67D5335D3638}.Debug|Any CPU.ActiveCfg = Debug|Any CPU
		{91818534-BC4D-4C6A-9F1C-67D5335D3638}.Debug|Any CPU.Build.0 = Debug|Any CPU
		{91818534-BC4D-4C6A-9F1C-67D5335D3638}.Release|Any CPU.ActiveCfg = Release|Any CPU
		{91818534-BC4D-4C6A-9F1C-67D5335D3638}.Release|Any CPU.Build.0 = Release|Any CPU
	EndGlobalSection
	GlobalSection(SolutionProperties) = preSolution
		HideSolutionNode = FALSE
	EndGlobalSection
EndGlobal
