
Microsoft Visual Studio Solution File, Format Version 12.00
# Visual Studio 2012
Project("{FAE04EC0-301F-11D3-BF4B-00C04F79EFBC}") = "Serialize.Linq", "Serialize.Linq\Serialize.Linq.csproj", "{94C52AD1-5D4A-4C9E-A1A3-68D3A36E6BF7}"
EndProject
Project("{2150E333-8FDC-42A3-9474-1A3956D46DE8}") = "Wcf", "Wcf", "{8337EAE5-172E-4871-8772-FE9701D61B9E}"
EndProject
Project("{FAE04EC0-301F-11D3-BF4B-00C04F79EFBC}") = "Serialize.Linq.Examples.WcfHost", "Serialize.Linq.Examples\Serialize.Linq.Examples.WcfHost\Serialize.Linq.Examples.WcfHost.csproj", "{4DAB4136-7D9F-4199-AE01-3083BEEF1E7A}"
EndProject
Project("{FAE04EC0-301F-11D3-BF4B-00C04F79EFBC}") = "Serialize.Linq.Examples.WcfContracts", "Serialize.Linq.Examples\Serialize.Linq.Examples.WcfContracts\Serialize.Linq.Examples.WcfContracts.csproj", "{5AD98B1C-6CC2-43FA-BFE0-4D4870C55FAE}"
EndProject
Project("{FAE04EC0-301F-11D3-BF4B-00C04F79EFBC}") = "Serialize.Linq.Examples.WcfClientWithServiceReference", "Serialize.Linq.Examples\Serialize.Linq.Examples.WcfClientWithServiceReference\Serialize.Linq.Examples.WcfClientWithServiceReference.csproj", "{358BA436-4A6E-4A15-9DA8-DE6188F3139E}"
EndProject
Project("{2150E333-8FDC-42A3-9474-1A3956D46DE8}") = "Rest", "Rest", "{DE7CB6C4-DAA2-4B1E-BAC8-DAE16DAD59F9}"
EndProject
Project("{FAE04EC0-301F-11D3-BF4B-00C04F79EFBC}") = "Serialize.Linq.Examples.RestContracts", "Serialize.Linq.Examples\Serialize.Linq.Examples.RestContracts\Serialize.Linq.Examples.RestContracts.csproj", "{F54A72E6-2BEA-453C-8430-7CAFCDAF0A44}"
EndProject
Project("{FAE04EC0-301F-11D3-BF4B-00C04F79EFBC}") = "Serialize.Linq.Examples.RestApi", "Serialize.Linq.Examples\Serialize.Linq.Examples.RestApi\Serialize.Linq.Examples.RestApi.csproj", "{2649AA62-707B-456E-ABAC-73A1330EEFDD}"
EndProject
Project("{FAE04EC0-301F-11D3-BF4B-00C04F79EFBC}") = "Serialize.Linq.Examples.RestClient", "Serialize.Linq.Examples\Serialize.Linq.Examples.RestClient\Serialize.Linq.Examples.RestClient.csproj", "{425F184C-4ACF-4A60-A085-CBA4F78EB0D2}"
EndProject
Project("{2150E333-8FDC-42A3-9474-1A3956D46DE8}") = ".nuget", ".nuget", "{4C5F36F8-E1AB-405E-A49C-872125C63BBA}"
	ProjectSection(SolutionItems) = preProject
		.nuget\NuGet.Config = .nuget\NuGet.Config
		.nuget\NuGet.exe = .nuget\NuGet.exe
	EndProjectSection
EndProject
Global
	GlobalSection(SolutionConfigurationPlatforms) = preSolution
		Debug Optimize Size|Any CPU = Debug Optimize Size|Any CPU
		Debug|Any CPU = Debug|Any CPU
		Release Optimize Size|Any CPU = Release Optimize Size|Any CPU
		Release|Any CPU = Release|Any CPU
	EndGlobalSection
	GlobalSection(ProjectConfigurationPlatforms) = postSolution
		{94C52AD1-5D4A-4C9E-A1A3-68D3A36E6BF7}.Debug Optimize Size|Any CPU.ActiveCfg = Debug Optimize Size|Any CPU
		{94C52AD1-5D4A-4C9E-A1A3-68D3A36E6BF7}.Debug Optimize Size|Any CPU.Build.0 = Debug Optimize Size|Any CPU
		{94C52AD1-5D4A-4C9E-A1A3-68D3A36E6BF7}.Debug|Any CPU.ActiveCfg = Debug|Any CPU
		{94C52AD1-5D4A-4C9E-A1A3-68D3A36E6BF7}.Debug|Any CPU.Build.0 = Debug|Any CPU
		{94C52AD1-5D4A-4C9E-A1A3-68D3A36E6BF7}.Release Optimize Size|Any CPU.ActiveCfg = Release Optimize Size|Any CPU
		{94C52AD1-5D4A-4C9E-A1A3-68D3A36E6BF7}.Release Optimize Size|Any CPU.Build.0 = Release Optimize Size|Any CPU
		{94C52AD1-5D4A-4C9E-A1A3-68D3A36E6BF7}.Release|Any CPU.ActiveCfg = Release|Any CPU
		{94C52AD1-5D4A-4C9E-A1A3-68D3A36E6BF7}.Release|Any CPU.Build.0 = Release|Any CPU
		{4DAB4136-7D9F-4199-AE01-3083BEEF1E7A}.Debug Optimize Size|Any CPU.ActiveCfg = Debug|Any CPU
		{4DAB4136-7D9F-4199-AE01-3083BEEF1E7A}.Debug Optimize Size|Any CPU.Build.0 = Debug|Any CPU
		{4DAB4136-7D9F-4199-AE01-3083BEEF1E7A}.Debug|Any CPU.ActiveCfg = Debug|Any CPU
		{4DAB4136-7D9F-4199-AE01-3083BEEF1E7A}.Debug|Any CPU.Build.0 = Debug|Any CPU
		{4DAB4136-7D9F-4199-AE01-3083BEEF1E7A}.Release Optimize Size|Any CPU.ActiveCfg = Release|Any CPU
		{4DAB4136-7D9F-4199-AE01-3083BEEF1E7A}.Release Optimize Size|Any CPU.Build.0 = Release|Any CPU
		{4DAB4136-7D9F-4199-AE01-3083BEEF1E7A}.Release|Any CPU.ActiveCfg = Release|Any CPU
		{4DAB4136-7D9F-4199-AE01-3083BEEF1E7A}.Release|Any CPU.Build.0 = Release|Any CPU
		{5AD98B1C-6CC2-43FA-BFE0-4D4870C55FAE}.Debug Optimize Size|Any CPU.ActiveCfg = Debug|Any CPU
		{5AD98B1C-6CC2-43FA-BFE0-4D4870C55FAE}.Debug Optimize Size|Any CPU.Build.0 = Debug|Any CPU
		{5AD98B1C-6CC2-43FA-BFE0-4D4870C55FAE}.Debug|Any CPU.ActiveCfg = Debug|Any CPU
		{5AD98B1C-6CC2-43FA-BFE0-4D4870C55FAE}.Debug|Any CPU.Build.0 = Debug|Any CPU
		{5AD98B1C-6CC2-43FA-BFE0-4D4870C55FAE}.Release Optimize Size|Any CPU.ActiveCfg = Release|Any CPU
		{5AD98B1C-6CC2-43FA-BFE0-4D4870C55FAE}.Release Optimize Size|Any CPU.Build.0 = Release|Any CPU
		{5AD98B1C-6CC2-43FA-BFE0-4D4870C55FAE}.Release|Any CPU.ActiveCfg = Release|Any CPU
		{5AD98B1C-6CC2-43FA-BFE0-4D4870C55FAE}.Release|Any CPU.Build.0 = Release|Any CPU
		{358BA436-4A6E-4A15-9DA8-DE6188F3139E}.Debug Optimize Size|Any CPU.ActiveCfg = Debug|Any CPU
		{358BA436-4A6E-4A15-9DA8-DE6188F3139E}.Debug Optimize Size|Any CPU.Build.0 = Debug|Any CPU
		{358BA436-4A6E-4A15-9DA8-DE6188F3139E}.Debug|Any CPU.ActiveCfg = Debug|Any CPU
		{358BA436-4A6E-4A15-9DA8-DE6188F3139E}.Debug|Any CPU.Build.0 = Debug|Any CPU
		{358BA436-4A6E-4A15-9DA8-DE6188F3139E}.Release Optimize Size|Any CPU.ActiveCfg = Release|Any CPU
		{358BA436-4A6E-4A15-9DA8-DE6188F3139E}.Release Optimize Size|Any CPU.Build.0 = Release|Any CPU
		{358BA436-4A6E-4A15-9DA8-DE6188F3139E}.Release|Any CPU.ActiveCfg = Release|Any CPU
		{358BA436-4A6E-4A15-9DA8-DE6188F3139E}.Release|Any CPU.Build.0 = Release|Any CPU
		{F54A72E6-2BEA-453C-8430-7CAFCDAF0A44}.Debug Optimize Size|Any CPU.ActiveCfg = Debug|Any CPU
		{F54A72E6-2BEA-453C-8430-7CAFCDAF0A44}.Debug Optimize Size|Any CPU.Build.0 = Debug|Any CPU
		{F54A72E6-2BEA-453C-8430-7CAFCDAF0A44}.Debug|Any CPU.ActiveCfg = Debug|Any CPU
		{F54A72E6-2BEA-453C-8430-7CAFCDAF0A44}.Debug|Any CPU.Build.0 = Debug|Any CPU
		{F54A72E6-2BEA-453C-8430-7CAFCDAF0A44}.Release Optimize Size|Any CPU.ActiveCfg = Release|Any CPU
		{F54A72E6-2BEA-453C-8430-7CAFCDAF0A44}.Release Optimize Size|Any CPU.Build.0 = Release|Any CPU
		{F54A72E6-2BEA-453C-8430-7CAFCDAF0A44}.Release|Any CPU.ActiveCfg = Release|Any CPU
		{F54A72E6-2BEA-453C-8430-7CAFCDAF0A44}.Release|Any CPU.Build.0 = Release|Any CPU
		{2649AA62-707B-456E-ABAC-73A1330EEFDD}.Debug Optimize Size|Any CPU.ActiveCfg = Debug|Any CPU
		{2649AA62-707B-456E-ABAC-73A1330EEFDD}.Debug Optimize Size|Any CPU.Build.0 = Debug|Any CPU
		{2649AA62-707B-456E-ABAC-73A1330EEFDD}.Debug|Any CPU.ActiveCfg = Debug|Any CPU
		{2649AA62-707B-456E-ABAC-73A1330EEFDD}.Debug|Any CPU.Build.0 = Debug|Any CPU
		{2649AA62-707B-456E-ABAC-73A1330EEFDD}.Release Optimize Size|Any CPU.ActiveCfg = Release|Any CPU
		{2649AA62-707B-456E-ABAC-73A1330EEFDD}.Release Optimize Size|Any CPU.Build.0 = Release|Any CPU
		{2649AA62-707B-456E-ABAC-73A1330EEFDD}.Release|Any CPU.ActiveCfg = Release|Any CPU
		{2649AA62-707B-456E-ABAC-73A1330EEFDD}.Release|Any CPU.Build.0 = Release|Any CPU
		{425F184C-4ACF-4A60-A085-CBA4F78EB0D2}.Debug Optimize Size|Any CPU.ActiveCfg = Debug|Any CPU
		{425F184C-4ACF-4A60-A085-CBA4F78EB0D2}.Debug Optimize Size|Any CPU.Build.0 = Debug|Any CPU
		{425F184C-4ACF-4A60-A085-CBA4F78EB0D2}.Debug|Any CPU.ActiveCfg = Debug|Any CPU
		{425F184C-4ACF-4A60-A085-CBA4F78EB0D2}.Debug|Any CPU.Build.0 = Debug|Any CPU
		{425F184C-4ACF-4A60-A085-CBA4F78EB0D2}.Release Optimize Size|Any CPU.ActiveCfg = Release|Any CPU
		{425F184C-4ACF-4A60-A085-CBA4F78EB0D2}.Release Optimize Size|Any CPU.Build.0 = Release|Any CPU
		{425F184C-4ACF-4A60-A085-CBA4F78EB0D2}.Release|Any CPU.ActiveCfg = Release|Any CPU
		{425F184C-4ACF-4A60-A085-CBA4F78EB0D2}.Release|Any CPU.Build.0 = Release|Any CPU
	EndGlobalSection
	GlobalSection(SolutionProperties) = preSolution
		HideSolutionNode = FALSE
	EndGlobalSection
	GlobalSection(NestedProjects) = preSolution
		{4DAB4136-7D9F-4199-AE01-3083BEEF1E7A} = {8337EAE5-172E-4871-8772-FE9701D61B9E}
		{5AD98B1C-6CC2-43FA-BFE0-4D4870C55FAE} = {8337EAE5-172E-4871-8772-FE9701D61B9E}
		{F54A72E6-2BEA-453C-8430-7CAFCDAF0A44} = {DE7CB6C4-DAA2-4B1E-BAC8-DAE16DAD59F9}
		{2649AA62-707B-456E-ABAC-73A1330EEFDD} = {DE7CB6C4-DAA2-4B1E-BAC8-DAE16DAD59F9}
	EndGlobalSection
EndGlobal
