
Microsoft Visual Studio Solution File, Format Version 12.00
# Visual Studio 15
VisualStudioVersion = 15.0.26430.15
MinimumVisualStudioVersion = 10.0.40219.1
Project("{2150E333-8FDC-42A3-9474-1A3956D46DE8}") = "Solution Items", "Solution Items", "{A244266C-70C0-4130-8C87-3D20A285BD38}"
	ProjectSection(SolutionItems) = preProject
		..\README.md = ..\README.md
	EndProjectSection
EndProject
Project("{2150E333-8FDC-42A3-9474-1A3956D46DE8}") = "NetStandard16", "NetStandard16", "{6B57CC48-F727-4826-B29A-BA4071A121F1}"
EndProject
Project("{FAE04EC0-301F-11D3-BF4B-00C04F79EFBC}") = "Serialize.Linq.NetStandard16", "Serialize.Linq.NetStandard16\Serialize.Linq.NetStandard16.csproj", "{4968D88D-CC18-4EAD-AF11-27FEF038B425}"
EndProject
Project("{FAE04EC0-301F-11D3-BF4B-00C04F79EFBC}") = "Serialize.Linq.NetStandard16.Tests.Container", "Serialize.Linq.NetStandard16.Tests.Container\Serialize.Linq.NetStandard16.Tests.Container.csproj", "{E6B3F66C-B615-4D11-BFA6-8DFB7B136030}"
EndProject
Project("{FAE04EC0-301F-11D3-BF4B-00C04F79EFBC}") = "Serialize.Linq.NetStandard16.Tests", "Serialize.Linq.NetStandard16.Tests\Serialize.Linq.NetStandard16.Tests.csproj", "{602DF985-D4B2-48BD-BC84-5C0E219C5DE0}"
EndProject
Global
	GlobalSection(SolutionConfigurationPlatforms) = preSolution
		Debug|Any CPU = Debug|Any CPU
		Debug|ARM = Debug|ARM
		Debug|x64 = Debug|x64
		Debug|x86 = Debug|x86
		Release|Any CPU = Release|Any CPU
		Release|ARM = Release|ARM
		Release|x64 = Release|x64
		Release|x86 = Release|x86
	EndGlobalSection
	GlobalSection(ProjectConfigurationPlatforms) = postSolution
		{4968D88D-CC18-4EAD-AF11-27FEF038B425}.Debug|Any CPU.ActiveCfg = Debug|Any CPU
		{4968D88D-CC18-4EAD-AF11-27FEF038B425}.Debug|Any CPU.Build.0 = Debug|Any CPU
		{4968D88D-CC18-4EAD-AF11-27FEF038B425}.Debug|ARM.ActiveCfg = Debug|ARM
		{4968D88D-CC18-4EAD-AF11-27FEF038B425}.Debug|ARM.Build.0 = Debug|ARM
		{4968D88D-CC18-4EAD-AF11-27FEF038B425}.Debug|x64.ActiveCfg = Debug|x64
		{4968D88D-CC18-4EAD-AF11-27FEF038B425}.Debug|x64.Build.0 = Debug|x64
		{4968D88D-CC18-4EAD-AF11-27FEF038B425}.Debug|x86.ActiveCfg = Debug|x86
		{4968D88D-CC18-4EAD-AF11-27FEF038B425}.Debug|x86.Build.0 = Debug|x86
		{4968D88D-CC18-4EAD-AF11-27FEF038B425}.Release|Any CPU.ActiveCfg = Release|Any CPU
		{4968D88D-CC18-4EAD-AF11-27FEF038B425}.Release|Any CPU.Build.0 = Release|Any CPU
		{4968D88D-CC18-4EAD-AF11-27FEF038B425}.Release|ARM.ActiveCfg = Release|ARM
		{4968D88D-CC18-4EAD-AF11-27FEF038B425}.Release|ARM.Build.0 = Release|ARM
		{4968D88D-CC18-4EAD-AF11-27FEF038B425}.Release|x64.ActiveCfg = Release|x64
		{4968D88D-CC18-4EAD-AF11-27FEF038B425}.Release|x64.Build.0 = Release|x64
		{4968D88D-CC18-4EAD-AF11-27FEF038B425}.Release|x86.ActiveCfg = Release|x86
		{4968D88D-CC18-4EAD-AF11-27FEF038B425}.Release|x86.Build.0 = Release|x86
		{E6B3F66C-B615-4D11-BFA6-8DFB7B136030}.Debug|Any CPU.ActiveCfg = Debug|Any CPU
		{E6B3F66C-B615-4D11-BFA6-8DFB7B136030}.Debug|Any CPU.Build.0 = Debug|Any CPU
		{E6B3F66C-B615-4D11-BFA6-8DFB7B136030}.Debug|ARM.ActiveCfg = Debug|ARM
		{E6B3F66C-B615-4D11-BFA6-8DFB7B136030}.Debug|ARM.Build.0 = Debug|ARM
		{E6B3F66C-B615-4D11-BFA6-8DFB7B136030}.Debug|x64.ActiveCfg = Debug|x64
		{E6B3F66C-B615-4D11-BFA6-8DFB7B136030}.Debug|x64.Build.0 = Debug|x64
		{E6B3F66C-B615-4D11-BFA6-8DFB7B136030}.Debug|x86.ActiveCfg = Debug|x86
		{E6B3F66C-B615-4D11-BFA6-8DFB7B136030}.Debug|x86.Build.0 = Debug|x86
		{E6B3F66C-B615-4D11-BFA6-8DFB7B136030}.Release|Any CPU.ActiveCfg = Release|Any CPU
		{E6B3F66C-B615-4D11-BFA6-8DFB7B136030}.Release|Any CPU.Build.0 = Release|Any CPU
		{E6B3F66C-B615-4D11-BFA6-8DFB7B136030}.Release|ARM.ActiveCfg = Release|ARM
		{E6B3F66C-B615-4D11-BFA6-8DFB7B136030}.Release|ARM.Build.0 = Release|ARM
		{E6B3F66C-B615-4D11-BFA6-8DFB7B136030}.Release|x64.ActiveCfg = Release|x64
		{E6B3F66C-B615-4D11-BFA6-8DFB7B136030}.Release|x64.Build.0 = Release|x64
		{E6B3F66C-B615-4D11-BFA6-8DFB7B136030}.Release|x86.ActiveCfg = Release|x86
		{E6B3F66C-B615-4D11-BFA6-8DFB7B136030}.Release|x86.Build.0 = Release|x86
		{602DF985-D4B2-48BD-BC84-5C0E219C5DE0}.Debug|Any CPU.ActiveCfg = Debug|Any CPU
		{602DF985-D4B2-48BD-BC84-5C0E219C5DE0}.Debug|Any CPU.Build.0 = Debug|Any CPU
		{602DF985-D4B2-48BD-BC84-5C0E219C5DE0}.Debug|ARM.ActiveCfg = Debug|ARM
		{602DF985-D4B2-48BD-BC84-5C0E219C5DE0}.Debug|ARM.Build.0 = Debug|ARM
		{602DF985-D4B2-48BD-BC84-5C0E219C5DE0}.Debug|x64.ActiveCfg = Debug|x64
		{602DF985-D4B2-48BD-BC84-5C0E219C5DE0}.Debug|x64.Build.0 = Debug|x64
		{602DF985-D4B2-48BD-BC84-5C0E219C5DE0}.Debug|x86.ActiveCfg = Debug|x86
		{602DF985-D4B2-48BD-BC84-5C0E219C5DE0}.Debug|x86.Build.0 = Debug|x86
		{602DF985-D4B2-48BD-BC84-5C0E219C5DE0}.Release|Any CPU.ActiveCfg = Release|Any CPU
		{602DF985-D4B2-48BD-BC84-5C0E219C5DE0}.Release|Any CPU.Build.0 = Release|Any CPU
		{602DF985-D4B2-48BD-BC84-5C0E219C5DE0}.Release|ARM.ActiveCfg = Release|ARM
		{602DF985-D4B2-48BD-BC84-5C0E219C5DE0}.Release|ARM.Build.0 = Release|ARM
		{602DF985-D4B2-48BD-BC84-5C0E219C5DE0}.Release|x64.ActiveCfg = Release|x64
		{602DF985-D4B2-48BD-BC84-5C0E219C5DE0}.Release|x64.Build.0 = Release|x64
		{602DF985-D4B2-48BD-BC84-5C0E219C5DE0}.Release|x86.ActiveCfg = Release|x86
		{602DF985-D4B2-48BD-BC84-5C0E219C5DE0}.Release|x86.Build.0 = Release|x86
	EndGlobalSection
	GlobalSection(SolutionProperties) = preSolution
		HideSolutionNode = FALSE
	EndGlobalSection
	GlobalSection(NestedProjects) = preSolution
		{4968D88D-CC18-4EAD-AF11-27FEF038B425} = {6B57CC48-F727-4826-B29A-BA4071A121F1}
		{E6B3F66C-B615-4D11-BFA6-8DFB7B136030} = {6B57CC48-F727-4826-B29A-BA4071A121F1}
		{602DF985-D4B2-48BD-BC84-5C0E219C5DE0} = {6B57CC48-F727-4826-B29A-BA4071A121F1}
	EndGlobalSection
EndGlobal
