
Microsoft Visual Studio Solution File, Format Version 12.00
# Visual Studio Version 17
VisualStudioVersion = 17.3.32819.101
MinimumVisualStudioVersion = 10.0.40219.1
Project("{2150E333-8FDC-42A3-9474-1A3956D46DE8}") = "src", "src", "{9C6C9508-B1D6-43E0-A96B-17581AC83631}"
EndProject
Project("{9A19103F-16F7-4668-BE54-9A1E7A4F7556}") = "Serialize.Linq", "Serialize.Linq\Serialize.Linq.csproj", "{0004924B-C805-4D58-B448-9C71F45A62FA}"
EndProject
Project("{2150E333-8FDC-42A3-9474-1A3956D46DE8}") = "Solution Items", "Solution Items", "{1D4115EB-2399-40D0-B9E4-7DA51629E8D0}"
	ProjectSection(SolutionItems) = preProject
		..\README.md = ..\README.md
	EndProjectSection
EndProject
Project("{2150E333-8FDC-42A3-9474-1A3956D46DE8}") = "tests", "tests", "{0BFCB3B7-D3CB-4BF4-9CB5-F422DE129CDC}"
EndProject
Project("{9A19103F-16F7-4668-BE54-9A1E7A4F7556}") = "Serialize.Linq.Tests", "Serialize.Linq.Tests\Serialize.Linq.Tests.csproj", "{9854CEA9-3EBA-414F-AFE9-A92CA24A52D1}"
EndProject
Project("{9A19103F-16F7-4668-BE54-9A1E7A4F7556}") = "Serialize.Linq.Tests.Container", "Serialize.Linq.Tests.Container\Serialize.Linq.Tests.Container.csproj", "{439F88AF-F18C-4D27-B8D6-01D249BE647D}"
EndProject
Global
	GlobalSection(SolutionConfigurationPlatforms) = preSolution
		Debug Optimize Size|Any CPU = Debug Optimize Size|Any CPU
		Debug|Any CPU = Debug|Any CPU
		Release Optimize Size|Any CPU = Release Optimize Size|Any CPU
		Release|Any CPU = Release|Any CPU
	EndGlobalSection
	GlobalSection(ProjectConfigurationPlatforms) = postSolution
		{0004924B-C805-4D58-B448-9C71F45A62FA}.Debug Optimize Size|Any CPU.ActiveCfg = Debug Optimize Size|Any CPU
		{0004924B-C805-4D58-B448-9C71F45A62FA}.Debug Optimize Size|Any CPU.Build.0 = Debug Optimize Size|Any CPU
		{0004924B-C805-4D58-B448-9C71F45A62FA}.Debug|Any CPU.ActiveCfg = Debug|Any CPU
		{0004924B-C805-4D58-B448-9C71F45A62FA}.Debug|Any CPU.Build.0 = Debug|Any CPU
		{0004924B-C805-4D58-B448-9C71F45A62FA}.Release Optimize Size|Any CPU.ActiveCfg = Release Optimize Size|Any CPU
		{0004924B-C805-4D58-B448-9C71F45A62FA}.Release Optimize Size|Any CPU.Build.0 = Release Optimize Size|Any CPU
		{0004924B-C805-4D58-B448-9C71F45A62FA}.Release|Any CPU.ActiveCfg = Release|Any CPU
		{0004924B-C805-4D58-B448-9C71F45A62FA}.Release|Any CPU.Build.0 = Release|Any CPU
		{9854CEA9-3EBA-414F-AFE9-A92CA24A52D1}.Debug Optimize Size|Any CPU.ActiveCfg = Debug|Any CPU
		{9854CEA9-3EBA-414F-AFE9-A92CA24A52D1}.Debug Optimize Size|Any CPU.Build.0 = Debug|Any CPU
		{9854CEA9-3EBA-414F-AFE9-A92CA24A52D1}.Debug|Any CPU.ActiveCfg = Debug|Any CPU
		{9854CEA9-3EBA-414F-AFE9-A92CA24A52D1}.Debug|Any CPU.Build.0 = Debug|Any CPU
		{9854CEA9-3EBA-414F-AFE9-A92CA24A52D1}.Release Optimize Size|Any CPU.ActiveCfg = Release|Any CPU
		{9854CEA9-3EBA-414F-AFE9-A92CA24A52D1}.Release Optimize Size|Any CPU.Build.0 = Release|Any CPU
		{9854CEA9-3EBA-414F-AFE9-A92CA24A52D1}.Release|Any CPU.ActiveCfg = Release|Any CPU
		{9854CEA9-3EBA-414F-AFE9-A92CA24A52D1}.Release|Any CPU.Build.0 = Release|Any CPU
		{439F88AF-F18C-4D27-B8D6-01D249BE647D}.Debug Optimize Size|Any CPU.ActiveCfg = Debug|Any CPU
		{439F88AF-F18C-4D27-B8D6-01D249BE647D}.Debug Optimize Size|Any CPU.Build.0 = Debug|Any CPU
		{439F88AF-F18C-4D27-B8D6-01D249BE647D}.Debug|Any CPU.ActiveCfg = Debug|Any CPU
		{439F88AF-F18C-4D27-B8D6-01D249BE647D}.Debug|Any CPU.Build.0 = Debug|Any CPU
		{439F88AF-F18C-4D27-B8D6-01D249BE647D}.Release Optimize Size|Any CPU.ActiveCfg = Release|Any CPU
		{439F88AF-F18C-4D27-B8D6-01D249BE647D}.Release Optimize Size|Any CPU.Build.0 = Release|Any CPU
		{439F88AF-F18C-4D27-B8D6-01D249BE647D}.Release|Any CPU.ActiveCfg = Release|Any CPU
		{439F88AF-F18C-4D27-B8D6-01D249BE647D}.Release|Any CPU.Build.0 = Release|Any CPU
	EndGlobalSection
	GlobalSection(SolutionProperties) = preSolution
		HideSolutionNode = FALSE
	EndGlobalSection
	GlobalSection(NestedProjects) = preSolution
		{0004924B-C805-4D58-B448-9C71F45A62FA} = {9C6C9508-B1D6-43E0-A96B-17581AC83631}
		{9854CEA9-3EBA-414F-AFE9-A92CA24A52D1} = {0BFCB3B7-D3CB-4BF4-9CB5-F422DE129CDC}
		{439F88AF-F18C-4D27-B8D6-01D249BE647D} = {0BFCB3B7-D3CB-4BF4-9CB5-F422DE129CDC}
	EndGlobalSection
	GlobalSection(ExtensibilityGlobals) = postSolution
		SolutionGuid = {A6E63BC7-9C53-43E1-9122-0C097407B5C8}
	EndGlobalSection
EndGlobal
